
Microsoft Visual Studio Solution File, Format Version 12.00
# Visual Studio 15
VisualStudioVersion = 15.0.27703.2026
MinimumVisualStudioVersion = 10.0.40219.1
Project("{FAE04EC0-301F-11D3-BF4B-00C04F79EFBC}") = "HSUAviation", "HSUAviation\HSUAviation.csproj", "{FFEB690C-1FD7-4524-A2C4-7DA1DAFDC44A}"
EndProject
Global
	GlobalSection(SolutionConfigurationPlatforms) = preSolution
		Debug|Any CPU = Debug|Any CPU
		Release|Any CPU = Release|Any CPU
	EndGlobalSection
	GlobalSection(ProjectConfigurationPlatforms) = postSolution
		{FFEB690C-1FD7-4524-A2C4-7DA1DAFDC44A}.Debug|Any CPU.ActiveCfg = Debug|Any CPU
		{FFEB690C-1FD7-4524-A2C4-7DA1DAFDC44A}.Debug|Any CPU.Build.0 = Debug|Any CPU
		{FFEB690C-1FD7-4524-A2C4-7DA1DAFDC44A}.Release|Any CPU.ActiveCfg = Release|Any CPU
		{FFEB690C-1FD7-4524-A2C4-7DA1DAFDC44A}.Release|Any CPU.Build.0 = Release|Any CPU
	EndGlobalSection
	GlobalSection(SolutionProperties) = preSolution
		HideSolutionNode = FALSE
	EndGlobalSection
	GlobalSection(ExtensibilityGlobals) = postSolution
		SolutionGuid = {8BDDC482-053B-4FA5-A9D0-D1E89FA0B830}
	EndGlobalSection
EndGlobal
